
Microsoft Visual Studio Solution File, Format Version 12.00
# Visual Studio Version 17
VisualStudioVersion = 17.5.33502.453
MinimumVisualStudioVersion = 10.0.40219.1
Project("{8BC9CEB8-8B4A-11D0-8D11-00A0C91BC942}") = "Pointer", "Pointer.vcxproj", "{1A543C45-3167-4824-A61A-066435FE2300}"
EndProject
Project("{8BC9CEB8-8B4A-11D0-8D11-00A0C91BC942}") = "Pointer2", "Pointer2\Pointer2.vcxproj", "{6E3C60F9-8624-4714-AEDA-E5A87C34E347}"
EndProject
Project("{8BC9CEB8-8B4A-11D0-8D11-00A0C91BC942}") = "friendclass", "friendclass\friendclass.vcxproj", "{E41F29A4-5389-4116-9F76-F81303443D88}"
EndProject
Project("{8BC9CEB8-8B4A-11D0-8D11-00A0C91BC942}") = "friendclass2", "friendclass2\friendclass2.vcxproj", "{84762333-1024-4D8A-B78E-4E1CE853B156}"
EndProject
Project("{8BC9CEB8-8B4A-11D0-8D11-00A0C91BC942}") = "friendclass3", "friendclass3\friendclass3.vcxproj", "{927673FF-7766-49F8-8994-726B5CC15CD5}"
EndProject
Global
	GlobalSection(SolutionConfigurationPlatforms) = preSolution
		Debug|x64 = Debug|x64
		Debug|x86 = Debug|x86
		Release|x64 = Release|x64
		Release|x86 = Release|x86
	EndGlobalSection
	GlobalSection(ProjectConfigurationPlatforms) = postSolution
		{1A543C45-3167-4824-A61A-066435FE2300}.Debug|x64.ActiveCfg = Debug|x64
		{1A543C45-3167-4824-A61A-066435FE2300}.Debug|x64.Build.0 = Debug|x64
		{1A543C45-3167-4824-A61A-066435FE2300}.Debug|x86.ActiveCfg = Debug|Win32
		{1A543C45-3167-4824-A61A-066435FE2300}.Debug|x86.Build.0 = Debug|Win32
		{1A543C45-3167-4824-A61A-066435FE2300}.Release|x64.ActiveCfg = Release|x64
		{1A543C45-3167-4824-A61A-066435FE2300}.Release|x64.Build.0 = Release|x64
		{1A543C45-3167-4824-A61A-066435FE2300}.Release|x86.ActiveCfg = Release|Win32
		{1A543C45-3167-4824-A61A-066435FE2300}.Release|x86.Build.0 = Release|Win32
		{6E3C60F9-8624-4714-AEDA-E5A87C34E347}.Debug|x64.ActiveCfg = Debug|x64
		{6E3C60F9-8624-4714-AEDA-E5A87C34E347}.Debug|x64.Build.0 = Debug|x64
		{6E3C60F9-8624-4714-AEDA-E5A87C34E347}.Debug|x86.ActiveCfg = Debug|Win32
		{6E3C60F9-8624-4714-AEDA-E5A87C34E347}.Debug|x86.Build.0 = Debug|Win32
		{6E3C60F9-8624-4714-AEDA-E5A87C34E347}.Release|x64.ActiveCfg = Release|x64
		{6E3C60F9-8624-4714-AEDA-E5A87C34E347}.Release|x64.Build.0 = Release|x64
		{6E3C60F9-8624-4714-AEDA-E5A87C34E347}.Release|x86.ActiveCfg = Release|Win32
		{6E3C60F9-8624-4714-AEDA-E5A87C34E347}.Release|x86.Build.0 = Release|Win32
		{E41F29A4-5389-4116-9F76-F81303443D88}.Debug|x64.ActiveCfg = Debug|x64
		{E41F29A4-5389-4116-9F76-F81303443D88}.Debug|x64.Build.0 = Debug|x64
		{E41F29A4-5389-4116-9F76-F81303443D88}.Debug|x86.ActiveCfg = Debug|Win32
		{E41F29A4-5389-4116-9F76-F81303443D88}.Debug|x86.Build.0 = Debug|Win32
		{E41F29A4-5389-4116-9F76-F81303443D88}.Release|x64.ActiveCfg = Release|x64
		{E41F29A4-5389-4116-9F76-F81303443D88}.Release|x64.Build.0 = Release|x64
		{E41F29A4-5389-4116-9F76-F81303443D88}.Release|x86.ActiveCfg = Release|Win32
		{E41F29A4-5389-4116-9F76-F81303443D88}.Release|x86.Build.0 = Release|Win32
		{84762333-1024-4D8A-B78E-4E1CE853B156}.Debug|x64.ActiveCfg = Debug|x64
		{84762333-1024-4D8A-B78E-4E1CE853B156}.Debug|x64.Build.0 = Debug|x64
		{84762333-1024-4D8A-B78E-4E1CE853B156}.Debug|x86.ActiveCfg = Debug|Win32
		{84762333-1024-4D8A-B78E-4E1CE853B156}.Debug|x86.Build.0 = Debug|Win32
		{84762333-1024-4D8A-B78E-4E1CE853B156}.Release|x64.ActiveCfg = Release|x64
		{84762333-1024-4D8A-B78E-4E1CE853B156}.Release|x64.Build.0 = Release|x64
		{84762333-1024-4D8A-B78E-4E1CE853B156}.Release|x86.ActiveCfg = Release|Win32
		{84762333-1024-4D8A-B78E-4E1CE853B156}.Release|x86.Build.0 = Release|Win32
		{927673FF-7766-49F8-8994-726B5CC15CD5}.Debug|x64.ActiveCfg = Debug|x64
		{927673FF-7766-49F8-8994-726B5CC15CD5}.Debug|x64.Build.0 = Debug|x64
		{927673FF-7766-49F8-8994-726B5CC15CD5}.Debug|x86.ActiveCfg = Debug|Win32
		{927673FF-7766-49F8-8994-726B5CC15CD5}.Debug|x86.Build.0 = Debug|Win32
		{927673FF-7766-49F8-8994-726B5CC15CD5}.Release|x64.ActiveCfg = Release|x64
		{927673FF-7766-49F8-8994-726B5CC15CD5}.Release|x64.Build.0 = Release|x64
		{927673FF-7766-49F8-8994-726B5CC15CD5}.Release|x86.ActiveCfg = Release|Win32
		{927673FF-7766-49F8-8994-726B5CC15CD5}.Release|x86.Build.0 = Release|Win32
	EndGlobalSection
	GlobalSection(SolutionProperties) = preSolution
		HideSolutionNode = FALSE
	EndGlobalSection
	GlobalSection(ExtensibilityGlobals) = postSolution
		SolutionGuid = {D4ADF648-E3DE-46BA-9595-D1AC306C004F}
	EndGlobalSection
EndGlobal
